{
    "name": "Running Blocker",
    "lockfileVersion": 2,
    "requires": true,
    "packages": {
        "": {
            "devDependencies": {
                "@types/mojang-minecraft": "^0.1.6"
            }
        },
        "node_modules/@types/mojang-minecraft": {
            "version": "0.1.6",
            "dev": true,
            "license": "MIT"
        }
    },
    "dependencies": {
        "@types/mojang-minecraft": {
            "version": "0.1.6",
            "dev": true
        }
    }
}
